github.com/vhypnus/ohain v0.0.0-20200317085252-9f632a3a7c39 h1:vIUW7pQrSa4DTl2csFXBAOew2Gq4NTnwGZw3r6z41Ts=
github.com/vhypnus/ohain/assert v0.0.0-20200317085252-9f632a3a7c39 h1:xWxlTzA878NRBt16y+7kPxBpADE+8IFBPaWehHWqINQ=
github.com/vhypnus/ohain/assert v0.0.0-20200317085252-9f632a3a7c39/go.mod h1:hR4vl2ohV5zXewf6I5EiHfM8FMTuMNRTq5fXUmZ+Ypg=
